
Microsoft Visual Studio Solution File, Format Version 12.00
# Visual Studio Version 17
VisualStudioVersion = 17.13.35919.96
MinimumVisualStudioVersion = 10.0.40219.1
Project("{FAE04EC0-301F-11D3-BF4B-00C04F79EFBC}") = "MarjixTP Trojan", "MarjixTP Trojan\MarjixTP Trojan.csproj", "{70832503-7E59-4BA4-9A24-8902F454D9AF}"
EndProject
Global
	GlobalSection(SolutionConfigurationPlatforms) = preSolution
		Debug|Any CPU = Debug|Any CPU
		Release|Any CPU = Release|Any CPU
	EndGlobalSection
	GlobalSection(ProjectConfigurationPlatforms) = postSolution
		{70832503-7E59-4BA4-9A24-8902F454D9AF}.Debug|Any CPU.ActiveCfg = Debug|Any CPU
		{70832503-7E59-4BA4-9A24-8902F454D9AF}.Debug|Any CPU.Build.0 = Debug|Any CPU
		{70832503-7E59-4BA4-9A24-8902F454D9AF}.Release|Any CPU.ActiveCfg = Release|Any CPU
		{70832503-7E59-4BA4-9A24-8902F454D9AF}.Release|Any CPU.Build.0 = Release|Any CPU
	EndGlobalSection
	GlobalSection(SolutionProperties) = preSolution
		HideSolutionNode = FALSE
	EndGlobalSection
	GlobalSection(ExtensibilityGlobals) = postSolution
		SolutionGuid = {3F790BC8-8FA4-461C-9EE6-17AFF93A710F}
	EndGlobalSection
EndGlobal
